
Microsoft Visual Studio Solution File, Format Version 12.00
# Visual Studio Version 16
VisualStudioVersion = 16.0.29519.181
MinimumVisualStudioVersion = 10.0.40219.1
Project("{FAE04EC0-301F-11D3-BF4B-00C04F79EFBC}") = "DHMemorizer", "DHMemorizer\DHMemorizer.csproj", "{60B77C49-E16A-4486-BB61-8484978729DF}"
EndProject
Project("{FAE04EC0-301F-11D3-BF4B-00C04F79EFBC}") = "DHPaint", "DHPaint\DHPaint.csproj", "{206931A5-4F2C-4175-9A7A-661CD8C545EA}"
EndProject
Project("{FAE04EC0-301F-11D3-BF4B-00C04F79EFBC}") = "DHNamer", "DHNamer\DHNamer.csproj", "{61644A36-B66D-4401-B167-866C133F78C1}"
EndProject
Global
	GlobalSection(SolutionConfigurationPlatforms) = preSolution
		Debug|Any CPU = Debug|Any CPU
		Release|Any CPU = Release|Any CPU
	EndGlobalSection
	GlobalSection(ProjectConfigurationPlatforms) = postSolution
		{60B77C49-E16A-4486-BB61-8484978729DF}.Debug|Any CPU.ActiveCfg = Debug|Any CPU
		{60B77C49-E16A-4486-BB61-8484978729DF}.Debug|Any CPU.Build.0 = Debug|Any CPU
		{60B77C49-E16A-4486-BB61-8484978729DF}.Release|Any CPU.ActiveCfg = Release|Any CPU
		{60B77C49-E16A-4486-BB61-8484978729DF}.Release|Any CPU.Build.0 = Release|Any CPU
		{206931A5-4F2C-4175-9A7A-661CD8C545EA}.Debug|Any CPU.ActiveCfg = Debug|Any CPU
		{206931A5-4F2C-4175-9A7A-661CD8C545EA}.Debug|Any CPU.Build.0 = Debug|Any CPU
		{206931A5-4F2C-4175-9A7A-661CD8C545EA}.Release|Any CPU.ActiveCfg = Release|Any CPU
		{206931A5-4F2C-4175-9A7A-661CD8C545EA}.Release|Any CPU.Build.0 = Release|Any CPU
		{61644A36-B66D-4401-B167-866C133F78C1}.Debug|Any CPU.ActiveCfg = Debug|Any CPU
		{61644A36-B66D-4401-B167-866C133F78C1}.Debug|Any CPU.Build.0 = Debug|Any CPU
		{61644A36-B66D-4401-B167-866C133F78C1}.Release|Any CPU.ActiveCfg = Release|Any CPU
		{61644A36-B66D-4401-B167-866C133F78C1}.Release|Any CPU.Build.0 = Release|Any CPU
	EndGlobalSection
	GlobalSection(SolutionProperties) = preSolution
		HideSolutionNode = FALSE
	EndGlobalSection
	GlobalSection(ExtensibilityGlobals) = postSolution
		SolutionGuid = {D759907E-0AC6-4BF2-90A5-CCB583014EFE}
	EndGlobalSection
EndGlobal
